
Microsoft Visual Studio Solution File, Format Version 12.00
# Visual Studio Version 17
VisualStudioVersion = 17.7.34031.279
MinimumVisualStudioVersion = 10.0.40219.1
Project("{2150E333-8FDC-42A3-9474-1A3956D46DE8}") = "src", "src", "{AA72AED5-F7C0-4BE0-926A-6A058B08963A}"
EndProject
Project("{9A19103F-16F7-4668-BE54-9A1E7A4F7556}") = "AuctionService", "D:\Carsties\src\AuctionService\AuctionService.csproj", "{1F58F78D-9CB5-452D-AE6E-A0762BCB1AE6}"
EndProject
Project("{E53339B2-1760-4266-BCC7-CA923CBCF16C}") = "docker-compose", "docker-compose.dcproj", "{03E7F91C-A647-4C02-9AC6-CB658E05281A}"
EndProject
Project("{9A19103F-16F7-4668-BE54-9A1E7A4F7556}") = "SearchService", "src\SearchService\SearchService.csproj", "{596A2F86-F4BD-4A5D-8425-FB83930AF21D}"
EndProject
Project("{9A19103F-16F7-4668-BE54-9A1E7A4F7556}") = "Contracts", "src\Contracts\Contracts.csproj", "{378C80ED-A831-4816-ABFD-59314DD6D44A}"
EndProject
Project("{9A19103F-16F7-4668-BE54-9A1E7A4F7556}") = "IdentityService", "src\IdentityService\IdentityService.csproj", "{C6597B21-9B20-494D-B397-C02D6E7AD8D2}"
EndProject
Project("{9A19103F-16F7-4668-BE54-9A1E7A4F7556}") = "GatewayService", "src\GatewayService\GatewayService.csproj", "{8EAB9537-64D7-46AC-B96E-231144376A22}"
EndProject
Project("{9A19103F-16F7-4668-BE54-9A1E7A4F7556}") = "BiddingService", "src\BiddingService\BiddingService.csproj", "{04747B50-2340-4104-9308-A0DBB7A632B4}"
EndProject
Project("{2150E333-8FDC-42A3-9474-1A3956D46DE8}") = "tests", "tests", "{5E8160B7-07AB-486B-978C-F0121F8650C9}"
EndProject
Project("{9A19103F-16F7-4668-BE54-9A1E7A4F7556}") = "AuctionService.UnitTests", "tests\AuctionService.UnitTests\AuctionService.UnitTests.csproj", "{C9B59508-BDF5-41E2-89CA-80890691B5CE}"
EndProject
Project("{9A19103F-16F7-4668-BE54-9A1E7A4F7556}") = "NotificationService", "src\NotificationService\NotificationService.csproj", "{6BC1A961-C894-49C2-9F3C-73D9648F26D8}"
EndProject
Project("{2150E333-8FDC-42A3-9474-1A3956D46DE8}") = ".github", ".github", "{6D97DF2A-8366-4ED9-83B0-FBB2C0BBBB47}"
EndProject
Project("{2150E333-8FDC-42A3-9474-1A3956D46DE8}") = "workflows", "workflows", "{DA6539CB-B9E3-4E06-A7EE-41AC219DD4F7}"
	ProjectSection(SolutionItems) = preProject
		deploy-identity.yml = deploy-identity.yml
	EndProjectSection
EndProject
Global
	GlobalSection(SolutionConfigurationPlatforms) = preSolution
		Debug|Any CPU = Debug|Any CPU
		Release|Any CPU = Release|Any CPU
	EndGlobalSection
	GlobalSection(ProjectConfigurationPlatforms) = postSolution
		{1F58F78D-9CB5-452D-AE6E-A0762BCB1AE6}.Debug|Any CPU.ActiveCfg = Debug|Any CPU
		{1F58F78D-9CB5-452D-AE6E-A0762BCB1AE6}.Debug|Any CPU.Build.0 = Debug|Any CPU
		{1F58F78D-9CB5-452D-AE6E-A0762BCB1AE6}.Release|Any CPU.ActiveCfg = Release|Any CPU
		{1F58F78D-9CB5-452D-AE6E-A0762BCB1AE6}.Release|Any CPU.Build.0 = Release|Any CPU
		{03E7F91C-A647-4C02-9AC6-CB658E05281A}.Debug|Any CPU.ActiveCfg = Debug|Any CPU
		{03E7F91C-A647-4C02-9AC6-CB658E05281A}.Debug|Any CPU.Build.0 = Debug|Any CPU
		{03E7F91C-A647-4C02-9AC6-CB658E05281A}.Release|Any CPU.ActiveCfg = Release|Any CPU
		{03E7F91C-A647-4C02-9AC6-CB658E05281A}.Release|Any CPU.Build.0 = Release|Any CPU
		{596A2F86-F4BD-4A5D-8425-FB83930AF21D}.Debug|Any CPU.ActiveCfg = Debug|Any CPU
		{596A2F86-F4BD-4A5D-8425-FB83930AF21D}.Debug|Any CPU.Build.0 = Debug|Any CPU
		{596A2F86-F4BD-4A5D-8425-FB83930AF21D}.Release|Any CPU.ActiveCfg = Release|Any CPU
		{596A2F86-F4BD-4A5D-8425-FB83930AF21D}.Release|Any CPU.Build.0 = Release|Any CPU
		{378C80ED-A831-4816-ABFD-59314DD6D44A}.Debug|Any CPU.ActiveCfg = Debug|Any CPU
		{378C80ED-A831-4816-ABFD-59314DD6D44A}.Debug|Any CPU.Build.0 = Debug|Any CPU
		{378C80ED-A831-4816-ABFD-59314DD6D44A}.Release|Any CPU.ActiveCfg = Release|Any CPU
		{378C80ED-A831-4816-ABFD-59314DD6D44A}.Release|Any CPU.Build.0 = Release|Any CPU
		{C6597B21-9B20-494D-B397-C02D6E7AD8D2}.Debug|Any CPU.ActiveCfg = Debug|Any CPU
		{C6597B21-9B20-494D-B397-C02D6E7AD8D2}.Debug|Any CPU.Build.0 = Debug|Any CPU
		{C6597B21-9B20-494D-B397-C02D6E7AD8D2}.Release|Any CPU.ActiveCfg = Release|Any CPU
		{C6597B21-9B20-494D-B397-C02D6E7AD8D2}.Release|Any CPU.Build.0 = Release|Any CPU
		{8EAB9537-64D7-46AC-B96E-231144376A22}.Debug|Any CPU.ActiveCfg = Debug|Any CPU
		{8EAB9537-64D7-46AC-B96E-231144376A22}.Debug|Any CPU.Build.0 = Debug|Any CPU
		{8EAB9537-64D7-46AC-B96E-231144376A22}.Release|Any CPU.ActiveCfg = Release|Any CPU
		{8EAB9537-64D7-46AC-B96E-231144376A22}.Release|Any CPU.Build.0 = Release|Any CPU
		{04747B50-2340-4104-9308-A0DBB7A632B4}.Debug|Any CPU.ActiveCfg = Debug|Any CPU
		{04747B50-2340-4104-9308-A0DBB7A632B4}.Debug|Any CPU.Build.0 = Debug|Any CPU
		{04747B50-2340-4104-9308-A0DBB7A632B4}.Release|Any CPU.ActiveCfg = Release|Any CPU
		{04747B50-2340-4104-9308-A0DBB7A632B4}.Release|Any CPU.Build.0 = Release|Any CPU
		{C9B59508-BDF5-41E2-89CA-80890691B5CE}.Debug|Any CPU.ActiveCfg = Debug|Any CPU
		{C9B59508-BDF5-41E2-89CA-80890691B5CE}.Debug|Any CPU.Build.0 = Debug|Any CPU
		{C9B59508-BDF5-41E2-89CA-80890691B5CE}.Release|Any CPU.ActiveCfg = Release|Any CPU
		{C9B59508-BDF5-41E2-89CA-80890691B5CE}.Release|Any CPU.Build.0 = Release|Any CPU
		{6BC1A961-C894-49C2-9F3C-73D9648F26D8}.Debug|Any CPU.ActiveCfg = Debug|Any CPU
		{6BC1A961-C894-49C2-9F3C-73D9648F26D8}.Debug|Any CPU.Build.0 = Debug|Any CPU
		{6BC1A961-C894-49C2-9F3C-73D9648F26D8}.Release|Any CPU.ActiveCfg = Release|Any CPU
		{6BC1A961-C894-49C2-9F3C-73D9648F26D8}.Release|Any CPU.Build.0 = Release|Any CPU
	EndGlobalSection
	GlobalSection(SolutionProperties) = preSolution
		HideSolutionNode = FALSE
	EndGlobalSection
	GlobalSection(NestedProjects) = preSolution
		{1F58F78D-9CB5-452D-AE6E-A0762BCB1AE6} = {AA72AED5-F7C0-4BE0-926A-6A058B08963A}
		{596A2F86-F4BD-4A5D-8425-FB83930AF21D} = {AA72AED5-F7C0-4BE0-926A-6A058B08963A}
		{378C80ED-A831-4816-ABFD-59314DD6D44A} = {AA72AED5-F7C0-4BE0-926A-6A058B08963A}
		{C6597B21-9B20-494D-B397-C02D6E7AD8D2} = {AA72AED5-F7C0-4BE0-926A-6A058B08963A}
		{8EAB9537-64D7-46AC-B96E-231144376A22} = {AA72AED5-F7C0-4BE0-926A-6A058B08963A}
		{04747B50-2340-4104-9308-A0DBB7A632B4} = {AA72AED5-F7C0-4BE0-926A-6A058B08963A}
		{C9B59508-BDF5-41E2-89CA-80890691B5CE} = {5E8160B7-07AB-486B-978C-F0121F8650C9}
		{6BC1A961-C894-49C2-9F3C-73D9648F26D8} = {AA72AED5-F7C0-4BE0-926A-6A058B08963A}
		{DA6539CB-B9E3-4E06-A7EE-41AC219DD4F7} = {6D97DF2A-8366-4ED9-83B0-FBB2C0BBBB47}
	EndGlobalSection
	GlobalSection(ExtensibilityGlobals) = postSolution
		SolutionGuid = {EC9E3B65-C162-41FD-A5F2-90B0E9C11713}
	EndGlobalSection
EndGlobal
